{
  "name": "ea-measurement-dataform",
  "version": "1.0.0",
  "lockfileVersion": 3,
  "requires": true,
  "packages": {
    "": {
      "name": "ea-measurement-dataform",
      "version": "1.0.0",
      "dependencies": {
        "@dataform/core": "3.0.59"
      }
    },
    "node_modules/@dataform/core": {
      "version": "3.0.59",
      "resolved": "https://registry.npmjs.org/@dataform/core/-/core-3.0.59.tgz",
      "integrity": "sha512-1WmH3TB4ZxbTJQtRF63iLSPblLOyskzs6+pDSg+1LkEreAw6GWhQ2f4C2ASHQUo5MMdAHPOLL68lJ9fhGp8SCQ==",
      "license": "Apache-2.0"
    }
  }
}
